
Microsoft Visual Studio Solution File, Format Version 12.00
# Visual Studio Version 16
VisualStudioVersion = 16.0.32413.511
MinimumVisualStudioVersion = 10.0.40219.1
Project("{FAE04EC0-301F-11D3-BF4B-00C04F79EFBC}") = "laba6", "laba6.csproj", "{2E5C0B69-DE01-4598-A4D2-961F90B296B1}"
EndProject
Global
	GlobalSection(SolutionConfigurationPlatforms) = preSolution
		Debug|Any CPU = Debug|Any CPU
		Release|Any CPU = Release|Any CPU
	EndGlobalSection
	GlobalSection(ProjectConfigurationPlatforms) = postSolution
		{2E5C0B69-DE01-4598-A4D2-961F90B296B1}.Debug|Any CPU.ActiveCfg = Debug|Any CPU
		{2E5C0B69-DE01-4598-A4D2-961F90B296B1}.Debug|Any CPU.Build.0 = Debug|Any CPU
		{2E5C0B69-DE01-4598-A4D2-961F90B296B1}.Release|Any CPU.ActiveCfg = Release|Any CPU
		{2E5C0B69-DE01-4598-A4D2-961F90B296B1}.Release|Any CPU.Build.0 = Release|Any CPU
	EndGlobalSection
	GlobalSection(SolutionProperties) = preSolution
		HideSolutionNode = FALSE
	EndGlobalSection
	GlobalSection(ExtensibilityGlobals) = postSolution
		SolutionGuid = {38919A57-38F7-4618-85EC-A1CCE9A9353F}
	EndGlobalSection
EndGlobal
